{
  "version": 4,
  "terraform_version": "1.9.8",
  "serial": 5,
  "lineage": "4f4e7dc8-eb91-96be-25cc-6181de40e191",
  "outputs": {
    "droplet_image": {
      "value": "ubuntu-22-04-x64",
      "type": "string"
    },
    "droplet_name": {
      "value": "Terraform-Teste",
      "type": "string"
    },
    "droplet_region": {
      "value": "nyc3",
      "type": "string"
    },
    "droplet_size": {
      "value": "s-1vcpu-1gb",
      "type": "string"
    }
  },
  "resources": [
    {
      "mode": "data",
      "type": "digitalocean_ssh_key",
      "name": "Matheus",
      "provider": "provider[\"registry.terraform.io/digitalocean/digitalocean\"]",
      "instances": [
        {
          "schema_version": 0,
          "attributes": {
            "fingerprint": "6e:df:0b:84:b1:00:f8:5f:71:54:77:7c:15:5c:fe:a5",
            "id": 43764897,
            "name": "Matheus",
            "public_key": "ssh-ed25519 AAAAC3NzaC1lZDI1NTE5AAAAIOt8ZktJ3snzbAcSoVrsyWe+iyTFWcCbTfHM3O3bdzy3 matheus@DESKTOP-OVPSDKG"
          },
          "sensitive_attributes": []
        }
      ]
    },
    {
      "mode": "managed",
      "type": "digitalocean_droplet",
      "name": "default",
      "provider": "provider[\"registry.terraform.io/digitalocean/digitalocean\"]",
      "instances": [
        {
          "status": "tainted",
          "schema_version": 1,
          "attributes": {
            "backups": false,
            "created_at": "2024-10-17T00:51:11Z",
            "disk": 25,
            "droplet_agent": null,
            "graceful_shutdown": false,
            "id": "452122939",
            "image": "ubuntu-22-04-x64",
            "ipv4_address": "174.138.72.147",
            "ipv4_address_private": "10.108.0.2",
            "ipv6": false,
            "ipv6_address": "",
            "locked": false,
            "memory": 1024,
            "monitoring": false,
            "name": "Terraform-Teste",
            "price_hourly": 0.00893,
            "price_monthly": 6,
            "private_networking": true,
            "region": "nyc3",
            "resize_disk": true,
            "size": "s-1vcpu-1gb",
            "ssh_keys": [
              "43764897"
            ],
            "status": "active",
            "tags": [
              "meu-droplet",
              "teste"
            ],
            "timeouts": null,
            "urn": "do:droplet:452122939",
            "user_data": null,
            "vcpus": 1,
            "volume_ids": [],
            "vpc_uuid": "fb6bc15b-f762-421b-92a2-ad32b25d47df"
          },
          "sensitive_attributes": [],
          "private": "eyJlMmJmYjczMC1lY2FhLTExZTYtOGY4OC0zNDM2M2JjN2M0YzAiOnsiY3JlYXRlIjozNjAwMDAwMDAwMDAwLCJkZWxldGUiOjYwMDAwMDAwMDAwLCJ1cGRhdGUiOjM2MDAwMDAwMDAwMDB9LCJzY2hlbWFfdmVyc2lvbiI6IjEifQ==",
          "dependencies": [
            "data.digitalocean_ssh_key.Matheus"
          ]
        }
      ]
    }
  ],
  "check_results": null
}
